<?xml version="1.0" encoding="utf-8"?>
<Project ToolsVersion="4.0" xmlns="http://schemas.microsoft.com/developer/msbuild/2003">
  <ItemGroup>
    <Filter Include="Buckshot">
      <UniqueIdentifier>{28BDC981-148A-248D-3DA3-123529CF591B}</UniqueIdentifier>
    </Filter>
  </ItemGroup>
  <ItemGroup>
    <ClInclude Include="src\Buckshot.h" />
    <ClInclude Include="src\Buckshot\Application.h">
      <Filter>Buckshot</Filter>
    </ClInclude>
    <ClInclude Include="src\Buckshot\Core.h">
      <Filter>Buckshot</Filter>
    </ClInclude>
    <ClInclude Include="src\Buckshot\EntryPoint.h">
      <Filter>Buckshot</Filter>
    </ClInclude>
    <ClInclude Include="src\Buckshot\Log.h">
      <Filter>Buckshot</Filter>
    </ClInclude>
  </ItemGroup>
  <ItemGroup>
    <ClCompile Include="src\Buckshot\Application.cpp">
      <Filter>Buckshot</Filter>
    </ClCompile>
    <ClCompile Include="src\Buckshot\Log.cpp">
      <Filter>Buckshot</Filter>
    </ClCompile>
  </ItemGroup>
</Project>